
Microsoft Visual Studio Solution File, Format Version 12.00
# Visual Studio Version 17
VisualStudioVersion = 17.0.31903.59
MinimumVisualStudioVersion = 10.0.40219.1
Project("{2150E333-8FDC-42A3-9474-1A3956D46DE8}") = "Users", "Users", "{9BDD739A-8A65-45FF-9B17-FC86B493E418}"
EndProject
Project("{FAE04EC0-301F-11D3-BF4B-00C04F79EFBC}") = "MicroservicesReference.Users.Core", "Users\MicroservicesReference.Users\MicroservicesReference.Users.Core.csproj", "{D90FEAC8-9628-48A5-A5FA-AFAF36E2A50D}"
EndProject
Project("{2150E333-8FDC-42A3-9474-1A3956D46DE8}") = "Solution Items", "Solution Items", "{96675C5B-6531-4C32-B26C-5B106AFAE058}"
	ProjectSection(SolutionItems) = preProject
		.editorconfig = .editorconfig
	EndProjectSection
EndProject
Project("{2150E333-8FDC-42A3-9474-1A3956D46DE8}") = "Azure", "Azure", "{DAB95B10-2F66-49E7-BD4A-15F508940CDE}"
EndProject
Project("{FAE04EC0-301F-11D3-BF4B-00C04F79EFBC}") = "MicroservicesReference.Azure.Functions", "Azure\MicroservicesReference.Azure.Functions\MicroservicesReference.Azure.Functions.csproj", "{CFE05EDD-13B0-434A-A6F7-BE8C7898C9D5}"
EndProject
Global
	GlobalSection(SolutionConfigurationPlatforms) = preSolution
		Debug|Any CPU = Debug|Any CPU
		Release|Any CPU = Release|Any CPU
	EndGlobalSection
	GlobalSection(ProjectConfigurationPlatforms) = postSolution
		{D90FEAC8-9628-48A5-A5FA-AFAF36E2A50D}.Debug|Any CPU.ActiveCfg = Debug|Any CPU
		{D90FEAC8-9628-48A5-A5FA-AFAF36E2A50D}.Debug|Any CPU.Build.0 = Debug|Any CPU
		{D90FEAC8-9628-48A5-A5FA-AFAF36E2A50D}.Release|Any CPU.ActiveCfg = Release|Any CPU
		{D90FEAC8-9628-48A5-A5FA-AFAF36E2A50D}.Release|Any CPU.Build.0 = Release|Any CPU
		{CFE05EDD-13B0-434A-A6F7-BE8C7898C9D5}.Debug|Any CPU.ActiveCfg = Debug|Any CPU
		{CFE05EDD-13B0-434A-A6F7-BE8C7898C9D5}.Debug|Any CPU.Build.0 = Debug|Any CPU
		{CFE05EDD-13B0-434A-A6F7-BE8C7898C9D5}.Release|Any CPU.ActiveCfg = Release|Any CPU
		{CFE05EDD-13B0-434A-A6F7-BE8C7898C9D5}.Release|Any CPU.Build.0 = Release|Any CPU
	EndGlobalSection
	GlobalSection(SolutionProperties) = preSolution
		HideSolutionNode = FALSE
	EndGlobalSection
	GlobalSection(NestedProjects) = preSolution
		{D90FEAC8-9628-48A5-A5FA-AFAF36E2A50D} = {9BDD739A-8A65-45FF-9B17-FC86B493E418}
		{CFE05EDD-13B0-434A-A6F7-BE8C7898C9D5} = {DAB95B10-2F66-49E7-BD4A-15F508940CDE}
	EndGlobalSection
EndGlobal
